// !$*UTF8*$!
{
	archiveVersion = 1;
	classes = {
	};
	objectVersion = 56;
	objects = {

/* Begin PBXBuildFile section */
		45EDBA462952335E009B9CF7 /* AppDelegate.swift in Sources */ = {isa = PBXBuildFile; fileRef = 45EDBA452952335E009B9CF7 /* AppDelegate.swift */; };
		45EDBA482952335E009B9CF7 /* SceneDelegate.swift in Sources */ = {isa = PBXBuildFile; fileRef = 45EDBA472952335E009B9CF7 /* SceneDelegate.swift */; };
		45EDBA4A2952335E009B9CF7 /* ViewController.swift in Sources */ = {isa = PBXBuildFile; fileRef = 45EDBA492952335E009B9CF7 /* ViewController.swift */; };
		45EDBA4D2952335E009B9CF7 /* Main.storyboard in Resources */ = {isa = PBXBuildFile; fileRef = 45EDBA4B2952335E009B9CF7 /* Main.storyboard */; };
		45EDBA4F29523360009B9CF7 /* Assets.xcassets in Resources */ = {isa = PBXBuildFile; fileRef = 45EDBA4E29523360009B9CF7 /* Assets.xcassets */; };
		45EDBA5229523360009B9CF7 /* LaunchScreen.storyboard in Resources */ = {isa = PBXBuildFile; fileRef = 45EDBA5029523360009B9CF7 /* LaunchScreen.storyboard */; };
		45EDBA5D29523360009B9CF7 /* diceRollTests.swift in Sources */ = {isa = PBXBuildFile; fileRef = 45EDBA5C29523360009B9CF7 /* diceRollTests.swift */; };
		45EDBA6729523360009B9CF7 /* diceRollUITests.swift in Sources */ = {isa = PBXBuildFile; fileRef = 45EDBA6629523360009B9CF7 /* diceRollUITests.swift */; };
		45EDBA6929523360009B9CF7 /* diceRollUITestsLaunchTests.swift in Sources */ = {isa = PBXBuildFile; fileRef = 45EDBA6829523360009B9CF7 /* diceRollUITestsLaunchTests.swift */; };
		45EDBA76295236E3009B9CF7 /* roll-dice.jpg in Resources */ = {isa = PBXBuildFile; fileRef = 45EDBA75295236E3009B9CF7 /* roll-dice.jpg */; };
/* End PBXBuildFile section */

/* Begin PBXContainerItemProxy section */
		45EDBA5929523360009B9CF7 /* PBXContainerItemProxy */ = {
			isa = PBXContainerItemProxy;
			containerPortal = 45EDBA3A2952335E009B9CF7 /* Project object */;
			proxyType = 1;
			remoteGlobalIDString = 45EDBA412952335E009B9CF7;
			remoteInfo = diceRoll;
		};
		45EDBA6329523360009B9CF7 /* PBXContainerItemProxy */ = {
			isa = PBXContainerItemProxy;
			containerPortal = 45EDBA3A2952335E009B9CF7 /* Project object */;
			proxyType = 1;
			remoteGlobalIDString = 45EDBA412952335E009B9CF7;
			remoteInfo = diceRoll;
		};
/* End PBXContainerItemProxy section */

/* Begin PBXFileReference section */
		45EDBA422952335E009B9CF7 /* diceRoll.app */ = {isa = PBXFileReference; explicitFileType = wrapper.application; includeInIndex = 0; path = diceRoll.app; sourceTree = BUILT_PRODUCTS_DIR; };
		45EDBA452952335E009B9CF7 /* AppDelegate.swift */ = {isa = PBXFileReference; lastKnownFileType = sourcecode.swift; path = AppDelegate.swift; sourceTree = "<group>"; };
		45EDBA472952335E009B9CF7 /* SceneDelegate.swift */ = {isa = PBXFileReference; lastKnownFileType = sourcecode.swift; path = SceneDelegate.swift; sourceTree = "<group>"; };
		45EDBA492952335E009B9CF7 /* ViewController.swift */ = {isa = PBXFileReference; lastKnownFileType = sourcecode.swift; path = ViewController.swift; sourceTree = "<group>"; };
		45EDBA4C2952335E009B9CF7 /* Base */ = {isa = PBXFileReference; lastKnownFileType = file.storyboard; name = Base; path = Base.lproj/Main.storyboard; sourceTree = "<group>"; };
		45EDBA4E29523360009B9CF7 /* Assets.xcassets */ = {isa = PBXFileReference; lastKnownFileType = folder.assetcatalog; path = Assets.xcassets; sourceTree = "<group>"; };
		45EDBA5129523360009B9CF7 /* Base */ = {isa = PBXFileReference; lastKnownFileType = file.storyboard; name = Base; path = Base.lproj/LaunchScreen.storyboard; sourceTree = "<group>"; };
		45EDBA5329523360009B9CF7 /* Info.plist */ = {isa = PBXFileReference; lastKnownFileType = text.plist.xml; path = Info.plist; sourceTree = "<group>"; };
		45EDBA5829523360009B9CF7 /* diceRollTests.xctest */ = {isa = PBXFileReference; explicitFileType = wrapper.cfbundle; includeInIndex = 0; path = diceRollTests.xctest; sourceTree = BUILT_PRODUCTS_DIR; };
		45EDBA5C29523360009B9CF7 /* diceRollTests.swift */ = {isa = PBXFileReference; lastKnownFileType = sourcecode.swift; path = diceRollTests.swift; sourceTree = "<group>"; };
		45EDBA6229523360009B9CF7 /* diceRollUITests.xctest */ = {isa = PBXFileReference; explicitFileType = wrapper.cfbundle; includeInIndex = 0; path = diceRollUITests.xctest; sourceTree = BUILT_PRODUCTS_DIR; };
		45EDBA6629523360009B9CF7 /* diceRollUITests.swift */ = {isa = PBXFileReference; lastKnownFileType = sourcecode.swift; path = diceRollUITests.swift; sourceTree = "<group>"; };
		45EDBA6829523360009B9CF7 /* diceRollUITestsLaunchTests.swift */ = {isa = PBXFileReference; lastKnownFileType = sourcecode.swift; path = diceRollUITestsLaunchTests.swift; sourceTree = "<group>"; };
		45EDBA75295236E3009B9CF7 /* roll-dice.jpg */ = {isa = PBXFileReference; lastKnownFileType = image.jpeg; path = "roll-dice.jpg"; sourceTree = "<group>"; };
/* End PBXFileReference section */

/* Begin PBXFrameworksBuildPhase section */
		45EDBA3F2952335E009B9CF7 /* Frameworks */ = {
			isa = PBXFrameworksBuildPhase;
			buildActionMask = 2147483647;
			files = (
			);
			runOnlyForDeploymentPostprocessing = 0;
		};
		45EDBA5529523360009B9CF7 /* Frameworks */ = {
			isa = PBXFrameworksBuildPhase;
			buildActionMask = 2147483647;
			files = (
			);
			runOnlyForDeploymentPostprocessing = 0;
		};
		45EDBA5F29523360009B9CF7 /* Frameworks */ = {
			isa = PBXFrameworksBuildPhase;
			buildActionMask = 2147483647;
			files = (
			);
			runOnlyForDeploymentPostprocessing = 0;
		};
/* End PBXFrameworksBuildPhase section */

/* Begin PBXGroup section */
		45EDBA392952335E009B9CF7 = {
			isa = PBXGroup;
			children = (
				45EDBA442952335E009B9CF7 /* diceRoll */,
				45EDBA5B29523360009B9CF7 /* diceRollTests */,
				45EDBA6529523360009B9CF7 /* diceRollUITests */,
				45EDBA432952335E009B9CF7 /* Products */,
			);
			sourceTree = "<group>";
		};
		45EDBA432952335E009B9CF7 /* Products */ = {
			isa = PBXGroup;
			children = (
				45EDBA422952335E009B9CF7 /* diceRoll.app */,
				45EDBA5829523360009B9CF7 /* diceRollTests.xctest */,
				45EDBA6229523360009B9CF7 /* diceRollUITests.xctest */,
			);
			name = Products;
			sourceTree = "<group>";
		};
		45EDBA442952335E009B9CF7 /* diceRoll */ = {
			isa = PBXGroup;
			children = (
				45EDBA75295236E3009B9CF7 /* roll-dice.jpg */,
				45EDBA452952335E009B9CF7 /* AppDelegate.swift */,
				45EDBA472952335E009B9CF7 /* SceneDelegate.swift */,
				45EDBA492952335E009B9CF7 /* ViewController.swift */,
				45EDBA4B2952335E009B9CF7 /* Main.storyboard */,
				45EDBA4E29523360009B9CF7 /* Assets.xcassets */,
				45EDBA5029523360009B9CF7 /* LaunchScreen.storyboard */,
				45EDBA5329523360009B9CF7 /* Info.plist */,
			);
			path = diceRoll;
			sourceTree = "<group>";
		};
		45EDBA5B29523360009B9CF7 /* diceRollTests */ = {
			isa = PBXGroup;
			children = (
				45EDBA5C29523360009B9CF7 /* diceRollTests.swift */,
			);
			path = diceRollTests;
			sourceTree = "<group>";
		};
		45EDBA6529523360009B9CF7 /* diceRollUITests */ = {
			isa = PBXGroup;
			children = (
				45EDBA6629523360009B9CF7 /* diceRollUITests.swift */,
				45EDBA6829523360009B9CF7 /* diceRollUITestsLaunchTests.swift */,
			);
			path = diceRollUITests;
			sourceTree = "<group>";
		};
/* End PBXGroup section */

/* Begin PBXNativeTarget section */
		45EDBA412952335E009B9CF7 /* diceRoll */ = {
			isa = PBXNativeTarget;
			buildConfigurationList = 45EDBA6C29523360009B9CF7 /* Build configuration list for PBXNativeTarget "diceRoll" */;
			buildPhases = (
				45EDBA3E2952335E009B9CF7 /* Sources */,
				45EDBA3F2952335E009B9CF7 /* Frameworks */,
				45EDBA402952335E009B9CF7 /* Resources */,
			);
			buildRules = (
			);
			dependencies = (
			);
			name = diceRoll;
			productName = diceRoll;
			productReference = 45EDBA422952335E009B9CF7 /* diceRoll.app */;
			productType = "com.apple.product-type.application";
		};
		45EDBA5729523360009B9CF7 /* diceRollTests */ = {
			isa = PBXNativeTarget;
			buildConfigurationList = 45EDBA6F29523360009B9CF7 /* Build configuration list for PBXNativeTarget "diceRollTests" */;
			buildPhases = (
				45EDBA5429523360009B9CF7 /* Sources */,
				45EDBA5529523360009B9CF7 /* Frameworks */,
				45EDBA5629523360009B9CF7 /* Resources */,
			);
			buildRules = (
			);
			dependencies = (
				45EDBA5A29523360009B9CF7 /* PBXTargetDependency */,
			);
			name = diceRollTests;
			productName = diceRollTests;
			productReference = 45EDBA5829523360009B9CF7 /* diceRollTests.xctest */;
			productType = "com.apple.product-type.bundle.unit-test";
		};
		45EDBA6129523360009B9CF7 /* diceRollUITests */ = {
			isa = PBXNativeTarget;
			buildConfigurationList = 45EDBA7229523360009B9CF7 /* Build configuration list for PBXNativeTarget "diceRollUITests" */;
			buildPhases = (
				45EDBA5E29523360009B9CF7 /* Sources */,
				45EDBA5F29523360009B9CF7 /* Frameworks */,
				45EDBA6029523360009B9CF7 /* Resources */,
			);
			buildRules = (
			);
			dependencies = (
				45EDBA6429523360009B9CF7 /* PBXTargetDependency */,
			);
			name = diceRollUITests;
			productName = diceRollUITests;
			productReference = 45EDBA6229523360009B9CF7 /* diceRollUITests.xctest */;
			productType = "com.apple.product-type.bundle.ui-testing";
		};
/* End PBXNativeTarget section */

/* Begin PBXProject section */
		45EDBA3A2952335E009B9CF7 /* Project object */ = {
			isa = PBXProject;
			attributes = {
				BuildIndependentTargetsInParallel = 1;
				LastSwiftUpdateCheck = 1410;
				LastUpgradeCheck = 1410;
				TargetAttributes = {
					45EDBA412952335E009B9CF7 = {
						CreatedOnToolsVersion = 14.1;
					};
					45EDBA5729523360009B9CF7 = {
						CreatedOnToolsVersion = 14.1;
						TestTargetID = 45EDBA412952335E009B9CF7;
					};
					45EDBA6129523360009B9CF7 = {
						CreatedOnToolsVersion = 14.1;
						TestTargetID = 45EDBA412952335E009B9CF7;
					};
				};
			};
			buildConfigurationList = 45EDBA3D2952335E009B9CF7 /* Build configuration list for PBXProject "diceRoll" */;
			compatibilityVersion = "Xcode 14.0";
			developmentRegion = en;
			hasScannedForEncodings = 0;
			knownRegions = (
				en,
				Base,
			);
			mainGroup = 45EDBA392952335E009B9CF7;
			productRefGroup = 45EDBA432952335E009B9CF7 /* Products */;
			projectDirPath = "";
			projectRoot = "";
			targets = (
				45EDBA412952335E009B9CF7 /* diceRoll */,
				45EDBA5729523360009B9CF7 /* diceRollTests */,
				45EDBA6129523360009B9CF7 /* diceRollUITests */,
			);
		};
/* End PBXProject section */

/* Begin PBXResourcesBuildPhase section */
		45EDBA402952335E009B9CF7 /* Resources */ = {
			isa = PBXResourcesBuildPhase;
			buildActionMask = 2147483647;
			files = (
				45EDBA5229523360009B9CF7 /* LaunchScreen.storyboard in Resources */,
				45EDBA4F29523360009B9CF7 /* Assets.xcassets in Resources */,
				45EDBA4D2952335E009B9CF7 /* Main.storyboard in Resources */,
				45EDBA76295236E3009B9CF7 /* roll-dice.jpg in Resources */,
			);
			runOnlyForDeploymentPostprocessing = 0;
		};
		45EDBA5629523360009B9CF7 /* Resources */ = {
			isa = PBXResourcesBuildPhase;
			buildActionMask = 2147483647;
			files = (
			);
			runOnlyForDeploymentPostprocessing = 0;
		};
		45EDBA6029523360009B9CF7 /* Resources */ = {
			isa = PBXResourcesBuildPhase;
			buildActionMask = 2147483647;
			files = (
			);
			runOnlyForDeploymentPostprocessing = 0;
		};
/* End PBXResourcesBuildPhase section */

/* Begin PBXSourcesBuildPhase section */
		45EDBA3E2952335E009B9CF7 /* Sources */ = {
			isa = PBXSourcesBuildPhase;
			buildActionMask = 2147483647;
			files = (
				45EDBA4A2952335E009B9CF7 /* ViewController.swift in Sources */,
				45EDBA462952335E009B9CF7 /* AppDelegate.swift in Sources */,
				45EDBA482952335E009B9CF7 /* SceneDelegate.swift in Sources */,
			);
			runOnlyForDeploymentPostprocessing = 0;
		};
		45EDBA5429523360009B9CF7 /* Sources */ = {
			isa = PBXSourcesBuildPhase;
			buildActionMask = 2147483647;
			files = (
				45EDBA5D29523360009B9CF7 /* diceRollTests.swift in Sources */,
			);
			runOnlyForDeploymentPostprocessing = 0;
		};
		45EDBA5E29523360009B9CF7 /* Sources */ = {
			isa = PBXSourcesBuildPhase;
			buildActionMask = 2147483647;
			files = (
				45EDBA6929523360009B9CF7 /* diceRollUITestsLaunchTests.swift in Sources */,
				45EDBA6729523360009B9CF7 /* diceRollUITests.swift in Sources */,
			);
			runOnlyForDeploymentPostprocessing = 0;
		};
/* End PBXSourcesBuildPhase section */

/* Begin PBXTargetDependency section */
		45EDBA5A29523360009B9CF7 /* PBXTargetDependency */ = {
			isa = PBXTargetDependency;
			target = 45EDBA412952335E009B9CF7 /* diceRoll */;
			targetProxy = 45EDBA5929523360009B9CF7 /* PBXContainerItemProxy */;
		};
		45EDBA6429523360009B9CF7 /* PBXTargetDependency */ = {
			isa = PBXTargetDependency;
			target = 45EDBA412952335E009B9CF7 /* diceRoll */;
			targetProxy = 45EDBA6329523360009B9CF7 /* PBXContainerItemProxy */;
		};
/* End PBXTargetDependency section */

/* Begin PBXVariantGroup section */
		45EDBA4B2952335E009B9CF7 /* Main.storyboard */ = {
			isa = PBXVariantGroup;
			children = (
				45EDBA4C2952335E009B9CF7 /* Base */,
			);
			name = Main.storyboard;
			sourceTree = "<group>";
		};
		45EDBA5029523360009B9CF7 /* LaunchScreen.storyboard */ = {
			isa = PBXVariantGroup;
			children = (
				45EDBA5129523360009B9CF7 /* Base */,
			);
			name = LaunchScreen.storyboard;
			sourceTree = "<group>";
		};
/* End PBXVariantGroup section */

/* Begin XCBuildConfiguration section */
		45EDBA6A29523360009B9CF7 /* Debug */ = {
			isa = XCBuildConfiguration;
			buildSettings = {
				ALWAYS_SEARCH_USER_PATHS = NO;
				CLANG_ANALYZER_NONNULL = YES;
				CLANG_ANALYZER_NUMBER_OBJECT_CONVERSION = YES_AGGRESSIVE;
				CLANG_CXX_LANGUAGE_STANDARD = "gnu++20";
				CLANG_ENABLE_MODULES = YES;
				CLANG_ENABLE_OBJC_ARC = YES;
				CLANG_ENABLE_OBJC_WEAK = YES;
				CLANG_WARN_BLOCK_CAPTURE_AUTORELEASING = YES;
				CLANG_WARN_BOOL_CONVERSION = YES;
				CLANG_WARN_COMMA = YES;
				CLANG_WARN_CONSTANT_CONVERSION = YES;
				CLANG_WARN_DEPRECATED_OBJC_IMPLEMENTATIONS = YES;
				CLANG_WARN_DIRECT_OBJC_ISA_USAGE = YES_ERROR;
				CLANG_WARN_DOCUMENTATION_COMMENTS = YES;
				CLANG_WARN_EMPTY_BODY = YES;
				CLANG_WARN_ENUM_CONVERSION = YES;
				CLANG_WARN_INFINITE_RECURSION = YES;
				CLANG_WARN_INT_CONVERSION = YES;
				CLANG_WARN_NON_LITERAL_NULL_CONVERSION = YES;
				CLANG_WARN_OBJC_IMPLICIT_RETAIN_SELF = YES;
				CLANG_WARN_OBJC_LITERAL_CONVERSION = YES;
				CLANG_WARN_OBJC_ROOT_CLASS = YES_ERROR;
				CLANG_WARN_QUOTED_INCLUDE_IN_FRAMEWORK_HEADER = YES;
				CLANG_WARN_RANGE_LOOP_ANALYSIS = YES;
				CLANG_WARN_STRICT_PROTOTYPES = YES;
				CLANG_WARN_SUSPICIOUS_MOVE = YES;
				CLANG_WARN_UNGUARDED_AVAILABILITY = YES_AGGRESSIVE;
				CLANG_WARN_UNREACHABLE_CODE = YES;
				CLANG_WARN__DUPLICATE_METHOD_MATCH = YES;
				COPY_PHASE_STRIP = NO;
				DEBUG_INFORMATION_FORMAT = dwarf;
				ENABLE_STRICT_OBJC_MSGSEND = YES;
				ENABLE_TESTABILITY = YES;
				GCC_C_LANGUAGE_STANDARD = gnu11;
				GCC_DYNAMIC_NO_PIC = NO;
				GCC_NO_COMMON_BLOCKS = YES;
				GCC_OPTIMIZATION_LEVEL = 0;
				GCC_PREPROCESSOR_DEFINITIONS = (
					"DEBUG=1",
					"$(inherited)",
				);
				GCC_WARN_64_TO_32_BIT_CONVERSION = YES;
				GCC_WARN_ABOUT_RETURN_TYPE = YES_ERROR;
				GCC_WARN_UNDECLARED_SELECTOR = YES;
				GCC_WARN_UNINITIALIZED_AUTOS = YES_AGGRESSIVE;
				GCC_WARN_UNUSED_FUNCTION = YES;
				GCC_WARN_UNUSED_VARIABLE = YES;
				IPHONEOS_DEPLOYMENT_TARGET = 16.1;
				MTL_ENABLE_DEBUG_INFO = INCLUDE_SOURCE;
				MTL_FAST_MATH = YES;
				ONLY_ACTIVE_ARCH = YES;
				SDKROOT = iphoneos;
				SWIFT_ACTIVE_COMPILATION_CONDITIONS = DEBUG;
				SWIFT_OPTIMIZATION_LEVEL = "-Onone";
			};
			name = Debug;
		};
		45EDBA6B29523360009B9CF7 /* Release */ = {
			isa = XCBuildConfiguration;
			buildSettings = {
				ALWAYS_SEARCH_USER_PATHS = NO;
				CLANG_ANALYZER_NONNULL = YES;
				CLANG_ANALYZER_NUMBER_OBJECT_CONVERSION = YES_AGGRESSIVE;
				CLANG_CXX_LANGUAGE_STANDARD = "gnu++20";
				CLANG_ENABLE_MODULES = YES;
				CLANG_ENABLE_OBJC_ARC = YES;
				CLANG_ENABLE_OBJC_WEAK = YES;
				CLANG_WARN_BLOCK_CAPTURE_AUTORELEASING = YES;
				CLANG_WARN_BOOL_CONVERSION = YES;
				CLANG_WARN_COMMA = YES;
				CLANG_WARN_CONSTANT_CONVERSION = YES;
				CLANG_WARN_DEPRECATED_OBJC_IMPLEMENTATIONS = YES;
				CLANG_WARN_DIRECT_OBJC_ISA_USAGE = YES_ERROR;
				CLANG_WARN_DOCUMENTATION_COMMENTS = YES;
				CLANG_WARN_EMPTY_BODY = YES;
				CLANG_WARN_ENUM_CONVERSION = YES;
				CLANG_WARN_INFINITE_RECURSION = YES;
				CLANG_WARN_INT_CONVERSION = YES;
				CLANG_WARN_NON_LITERAL_NULL_CONVERSION = YES;
				CLANG_WARN_OBJC_IMPLICIT_RETAIN_SELF = YES;
				CLANG_WARN_OBJC_LITERAL_CONVERSION = YES;
				CLANG_WARN_OBJC_ROOT_CLASS = YES_ERROR;
				CLANG_WARN_QUOTED_INCLUDE_IN_FRAMEWORK_HEADER = YES;
				CLANG_WARN_RANGE_LOOP_ANALYSIS = YES;
				CLANG_WARN_STRICT_PROTOTYPES = YES;
				CLANG_WARN_SUSPICIOUS_MOVE = YES;
				CLANG_WARN_UNGUARDED_AVAILABILITY = YES_AGGRESSIVE;
				CLANG_WARN_UNREACHABLE_CODE = YES;
				CLANG_WARN__DUPLICATE_METHOD_MATCH = YES;
				COPY_PHASE_STRIP = NO;
				DEBUG_INFORMATION_FORMAT = "dwarf-with-dsym";
				ENABLE_NS_ASSERTIONS = NO;
				ENABLE_STRICT_OBJC_MSGSEND = YES;
				GCC_C_LANGUAGE_STANDARD = gnu11;
				GCC_NO_COMMON_BLOCKS = YES;
				GCC_WARN_64_TO_32_BIT_CONVERSION = YES;
				GCC_WARN_ABOUT_RETURN_TYPE = YES_ERROR;
				GCC_WARN_UNDECLARED_SELECTOR = YES;
				GCC_WARN_UNINITIALIZED_AUTOS = YES_AGGRESSIVE;
				GCC_WARN_UNUSED_FUNCTION = YES;
				GCC_WARN_UNUSED_VARIABLE = YES;
				IPHONEOS_DEPLOYMENT_TARGET = 16.1;
				MTL_ENABLE_DEBUG_INFO = NO;
				MTL_FAST_MATH = YES;
				SDKROOT = iphoneos;
				SWIFT_COMPILATION_MODE = wholemodule;
				SWIFT_OPTIMIZATION_LEVEL = "-O";
				VALIDATE_PRODUCT = YES;
			};
			name = Release;
		};
		45EDBA6D29523360009B9CF7 /* Debug */ = {
			isa = XCBuildConfiguration;
			buildSettings = {
				ASSETCATALOG_COMPILER_APPICON_NAME = AppIcon;
				ASSETCATALOG_COMPILER_GLOBAL_ACCENT_COLOR_NAME = AccentColor;
				CODE_SIGN_STYLE = Automatic;
				CURRENT_PROJECT_VERSION = 1;
				GENERATE_INFOPLIST_FILE = YES;
				INFOPLIST_FILE = diceRoll/Info.plist;
				INFOPLIST_KEY_UIApplicationSupportsIndirectInputEvents = YES;
				INFOPLIST_KEY_UILaunchStoryboardName = LaunchScreen;
				INFOPLIST_KEY_UIMainStoryboardFile = Main;
				INFOPLIST_KEY_UISupportedInterfaceOrientations_iPad = "UIInterfaceOrientationPortrait UIInterfaceOrientationPortraitUpsideDown UIInterfaceOrientationLandscapeLeft UIInterfaceOrientationLandscapeRight";
				INFOPLIST_KEY_UISupportedInterfaceOrientations_iPhone = "UIInterfaceOrientationPortrait UIInterfaceOrientationLandscapeLeft UIInterfaceOrientationLandscapeRight";
				LD_RUNPATH_SEARCH_PATHS = (
					"$(inherited)",
					"@executable_path/Frameworks",
				);
				MARKETING_VERSION = 1.0;
				PRODUCT_BUNDLE_IDENTIFIER = com.homework.diceRoll;
				PRODUCT_NAME = "$(TARGET_NAME)";
				SWIFT_EMIT_LOC_STRINGS = YES;
				SWIFT_VERSION = 5.0;
				TARGETED_DEVICE_FAMILY = "1,2";
			};
			name = Debug;
		};
		45EDBA6E29523360009B9CF7 /* Release */ = {
			isa = XCBuildConfiguration;
			buildSettings = {
				ASSETCATALOG_COMPILER_APPICON_NAME = AppIcon;
				ASSETCATALOG_COMPILER_GLOBAL_ACCENT_COLOR_NAME = AccentColor;
				CODE_SIGN_STYLE = Automatic;
				CURRENT_PROJECT_VERSION = 1;
				GENERATE_INFOPLIST_FILE = YES;
				INFOPLIST_FILE = diceRoll/Info.plist;
				INFOPLIST_KEY_UIApplicationSupportsIndirectInputEvents = YES;
				INFOPLIST_KEY_UILaunchStoryboardName = LaunchScreen;
				INFOPLIST_KEY_UIMainStoryboardFile = Main;
				INFOPLIST_KEY_UISupportedInterfaceOrientations_iPad = "UIInterfaceOrientationPortrait UIInterfaceOrientationPortraitUpsideDown UIInterfaceOrientationLandscapeLeft UIInterfaceOrientationLandscapeRight";
				INFOPLIST_KEY_UISupportedInterfaceOrientations_iPhone = "UIInterfaceOrientationPortrait UIInterfaceOrientationLandscapeLeft UIInterfaceOrientationLandscapeRight";
				LD_RUNPATH_SEARCH_PATHS = (
					"$(inherited)",
					"@executable_path/Frameworks",
				);
				MARKETING_VERSION = 1.0;
				PRODUCT_BUNDLE_IDENTIFIER = com.homework.diceRoll;
				PRODUCT_NAME = "$(TARGET_NAME)";
				SWIFT_EMIT_LOC_STRINGS = YES;
				SWIFT_VERSION = 5.0;
				TARGETED_DEVICE_FAMILY = "1,2";
			};
			name = Release;
		};
		45EDBA7029523360009B9CF7 /* Debug */ = {
			isa = XCBuildConfiguration;
			buildSettings = {
				ALWAYS_EMBED_SWIFT_STANDARD_LIBRARIES = YES;
				BUNDLE_LOADER = "$(TEST_HOST)";
				CODE_SIGN_STYLE = Automatic;
				CURRENT_PROJECT_VERSION = 1;
				GENERATE_INFOPLIST_FILE = YES;
				IPHONEOS_DEPLOYMENT_TARGET = 16.1;
				MARKETING_VERSION = 1.0;
				PRODUCT_BUNDLE_IDENTIFIER = com.homework.diceRollTests;
				PRODUCT_NAME = "$(TARGET_NAME)";
				SWIFT_EMIT_LOC_STRINGS = NO;
				SWIFT_VERSION = 5.0;
				TARGETED_DEVICE_FAMILY = "1,2";
				TEST_HOST = "$(BUILT_PRODUCTS_DIR)/diceRoll.app/$(BUNDLE_EXECUTABLE_FOLDER_PATH)/diceRoll";
			};
			name = Debug;
		};
		45EDBA7129523360009B9CF7 /* Release */ = {
			isa = XCBuildConfiguration;
			buildSettings = {
				ALWAYS_EMBED_SWIFT_STANDARD_LIBRARIES = YES;
				BUNDLE_LOADER = "$(TEST_HOST)";
				CODE_SIGN_STYLE = Automatic;
				CURRENT_PROJECT_VERSION = 1;
				GENERATE_INFOPLIST_FILE = YES;
				IPHONEOS_DEPLOYMENT_TARGET = 16.1;
				MARKETING_VERSION = 1.0;
				PRODUCT_BUNDLE_IDENTIFIER = com.homework.diceRollTests;
				PRODUCT_NAME = "$(TARGET_NAME)";
				SWIFT_EMIT_LOC_STRINGS = NO;
				SWIFT_VERSION = 5.0;
				TARGETED_DEVICE_FAMILY = "1,2";
				TEST_HOST = "$(BUILT_PRODUCTS_DIR)/diceRoll.app/$(BUNDLE_EXECUTABLE_FOLDER_PATH)/diceRoll";
			};
			name = Release;
		};
		45EDBA7329523360009B9CF7 /* Debug */ = {
			isa = XCBuildConfiguration;
			buildSettings = {
				ALWAYS_EMBED_SWIFT_STANDARD_LIBRARIES = YES;
				CODE_SIGN_STYLE = Automatic;
				CURRENT_PROJECT_VERSION = 1;
				GENERATE_INFOPLIST_FILE = YES;
				MARKETING_VERSION = 1.0;
				PRODUCT_BUNDLE_IDENTIFIER = com.homework.diceRollUITests;
				PRODUCT_NAME = "$(TARGET_NAME)";
				SWIFT_EMIT_LOC_STRINGS = NO;
				SWIFT_VERSION = 5.0;
				TARGETED_DEVICE_FAMILY = "1,2";
				TEST_TARGET_NAME = diceRoll;
			};
			name = Debug;
		};
		45EDBA7429523360009B9CF7 /* Release */ = {
			isa = XCBuildConfiguration;
			buildSettings = {
				ALWAYS_EMBED_SWIFT_STANDARD_LIBRARIES = YES;
				CODE_SIGN_STYLE = Automatic;
				CURRENT_PROJECT_VERSION = 1;
				GENERATE_INFOPLIST_FILE = YES;
				MARKETING_VERSION = 1.0;
				PRODUCT_BUNDLE_IDENTIFIER = com.homework.diceRollUITests;
				PRODUCT_NAME = "$(TARGET_NAME)";
				SWIFT_EMIT_LOC_STRINGS = NO;
				SWIFT_VERSION = 5.0;
				TARGETED_DEVICE_FAMILY = "1,2";
				TEST_TARGET_NAME = diceRoll;
			};
			name = Release;
		};
/* End XCBuildConfiguration section */

/* Begin XCConfigurationList section */
		45EDBA3D2952335E009B9CF7 /* Build configuration list for PBXProject "diceRoll" */ = {
			isa = XCConfigurationList;
			buildConfigurations = (
				45EDBA6A29523360009B9CF7 /* Debug */,
				45EDBA6B29523360009B9CF7 /* Release */,
			);
			defaultConfigurationIsVisible = 0;
			defaultConfigurationName = Release;
		};
		45EDBA6C29523360009B9CF7 /* Build configuration list for PBXNativeTarget "diceRoll" */ = {
			isa = XCConfigurationList;
			buildConfigurations = (
				45EDBA6D29523360009B9CF7 /* Debug */,
				45EDBA6E29523360009B9CF7 /* Release */,
			);
			defaultConfigurationIsVisible = 0;
			defaultConfigurationName = Release;
		};
		45EDBA6F29523360009B9CF7 /* Build configuration list for PBXNativeTarget "diceRollTests" */ = {
			isa = XCConfigurationList;
			buildConfigurations = (
				45EDBA7029523360009B9CF7 /* Debug */,
				45EDBA7129523360009B9CF7 /* Release */,
			);
			defaultConfigurationIsVisible = 0;
			defaultConfigurationName = Release;
		};
		45EDBA7229523360009B9CF7 /* Build configuration list for PBXNativeTarget "diceRollUITests" */ = {
			isa = XCConfigurationList;
			buildConfigurations = (
				45EDBA7329523360009B9CF7 /* Debug */,
				45EDBA7429523360009B9CF7 /* Release */,
			);
			defaultConfigurationIsVisible = 0;
			defaultConfigurationName = Release;
		};
/* End XCConfigurationList section */
	};
	rootObject = 45EDBA3A2952335E009B9CF7 /* Project object */;
}
